
Microsoft Visual Studio Solution File, Format Version 12.00
# Visual Studio 15
VisualStudioVersion = 15.0.28010.2041
MinimumVisualStudioVersion = 10.0.40219.1
Project("{FAE04EC0-301F-11D3-BF4B-00C04F79EFBC}") = "Lab01-About Me Quiz", "Lab01-About Me Quiz\Lab01-About Me Quiz.csproj", "{DA32EE47-2B7A-4517-9326-91B2B1DE3D41}"
EndProject
Global
	GlobalSection(SolutionConfigurationPlatforms) = preSolution
		Debug|Any CPU = Debug|Any CPU
		Release|Any CPU = Release|Any CPU
	EndGlobalSection
	GlobalSection(ProjectConfigurationPlatforms) = postSolution
		{DA32EE47-2B7A-4517-9326-91B2B1DE3D41}.Debug|Any CPU.ActiveCfg = Debug|Any CPU
		{DA32EE47-2B7A-4517-9326-91B2B1DE3D41}.Debug|Any CPU.Build.0 = Debug|Any CPU
		{DA32EE47-2B7A-4517-9326-91B2B1DE3D41}.Release|Any CPU.ActiveCfg = Release|Any CPU
		{DA32EE47-2B7A-4517-9326-91B2B1DE3D41}.Release|Any CPU.Build.0 = Release|Any CPU
	EndGlobalSection
	GlobalSection(SolutionProperties) = preSolution
		HideSolutionNode = FALSE
	EndGlobalSection
	GlobalSection(ExtensibilityGlobals) = postSolution
		SolutionGuid = {91456B94-DD52-44C3-A5F3-35D616CBC036}
	EndGlobalSection
EndGlobal
